
Microsoft Visual Studio Solution File, Format Version 12.00
# Visual Studio Version 17
VisualStudioVersion = 17.2.32210.308
MinimumVisualStudioVersion = 10.0.40219.1
Project("{9A19103F-16F7-4668-BE54-9A1E7A4F7556}") = "SharpAchievements", "SharpAchievements\SharpAchievements.csproj", "{4A22FC2F-D715-4299-B8B3-5564C21C0993}"
EndProject
Project("{9A19103F-16F7-4668-BE54-9A1E7A4F7556}") = "SharpAchievements.Test", "SharpAchievements.Test\SharpAchievements.Test.csproj", "{CFBB850C-0BDE-4CBB-BB19-A6F64B5B5645}"
EndProject
Global
	GlobalSection(SolutionConfigurationPlatforms) = preSolution
		Debug|Any CPU = Debug|Any CPU
		Release|Any CPU = Release|Any CPU
	EndGlobalSection
	GlobalSection(ProjectConfigurationPlatforms) = postSolution
		{4A22FC2F-D715-4299-B8B3-5564C21C0993}.Debug|Any CPU.ActiveCfg = Debug|Any CPU
		{4A22FC2F-D715-4299-B8B3-5564C21C0993}.Debug|Any CPU.Build.0 = Debug|Any CPU
		{4A22FC2F-D715-4299-B8B3-5564C21C0993}.Release|Any CPU.ActiveCfg = Release|Any CPU
		{4A22FC2F-D715-4299-B8B3-5564C21C0993}.Release|Any CPU.Build.0 = Release|Any CPU
		{CFBB850C-0BDE-4CBB-BB19-A6F64B5B5645}.Debug|Any CPU.ActiveCfg = Debug|Any CPU
		{CFBB850C-0BDE-4CBB-BB19-A6F64B5B5645}.Debug|Any CPU.Build.0 = Debug|Any CPU
		{CFBB850C-0BDE-4CBB-BB19-A6F64B5B5645}.Release|Any CPU.ActiveCfg = Release|Any CPU
		{CFBB850C-0BDE-4CBB-BB19-A6F64B5B5645}.Release|Any CPU.Build.0 = Release|Any CPU
	EndGlobalSection
	GlobalSection(SolutionProperties) = preSolution
		HideSolutionNode = FALSE
	EndGlobalSection
	GlobalSection(ExtensibilityGlobals) = postSolution
		SolutionGuid = {EF9E5546-F18D-47A2-9321-56CB286BA545}
	EndGlobalSection
EndGlobal
